
Microsoft Visual Studio Solution File, Format Version 12.00
# Visual Studio Version 17
VisualStudioVersion = 17.9.34728.123
MinimumVisualStudioVersion = 10.0.40219.1
Project("{9A19103F-16F7-4668-BE54-9A1E7A4F7556}") = "Lab1", "Lab1\Lab1.csproj", "{0AEFA896-555B-4F9F-BF82-04F4E647FE1B}"
EndProject
Project("{9A19103F-16F7-4668-BE54-9A1E7A4F7556}") = "Lab1.Tests", "Lab1.Tests\Lab1.Tests.csproj", "{0F988510-87AC-4D65-8C31-7F6352237817}"
	ProjectSection(ProjectDependencies) = postProject
		{0AEFA896-555B-4F9F-BF82-04F4E647FE1B} = {0AEFA896-555B-4F9F-BF82-04F4E647FE1B}
	EndProjectSection
EndProject
Project("{9A19103F-16F7-4668-BE54-9A1E7A4F7556}") = "Lab2", "Lab2\Lab2.csproj", "{50AD0AAA-0BA6-4770-B400-1A4B2EA9CB8A}"
EndProject
Project("{9A19103F-16F7-4668-BE54-9A1E7A4F7556}") = "Lab2.Tests", "Lab2.Tests\Lab2.Tests.csproj", "{255CA9BF-16C1-4576-AB58-FCA4103E70E1}"
EndProject
Project("{9A19103F-16F7-4668-BE54-9A1E7A4F7556}") = "Lab3", "Lab3\Lab3.csproj", "{A9662563-6078-4477-ABA8-0C13004CECA8}"
EndProject
Project("{9A19103F-16F7-4668-BE54-9A1E7A4F7556}") = "Lab3.Tests", "Lab3.Tests\Lab3.Tests.csproj", "{AFBFE353-89CF-4AAA-97E6-BF0F20EEBD09}"
	ProjectSection(ProjectDependencies) = postProject
		{A9662563-6078-4477-ABA8-0C13004CECA8} = {A9662563-6078-4477-ABA8-0C13004CECA8}
	EndProjectSection
EndProject
Project("{2150E333-8FDC-42A3-9474-1A3956D46DE8}") = "src", "src", "{200DA1CB-068A-4D7E-9C69-A85446E7C497}"
EndProject
Project("{2150E333-8FDC-42A3-9474-1A3956D46DE8}") = "tests", "tests", "{A8AF4456-38CE-4232-B268-4E04C28963BD}"
EndProject
Project("{2150E333-8FDC-42A3-9474-1A3956D46DE8}") = "LabLibrary", "LabLibrary", "{7DEA599E-258E-4977-84A4-23A6B8452A34}"
EndProject
Project("{FAE04EC0-301F-11D3-BF4B-00C04F79EFBC}") = "Lab4", "Lab4\Lab4.csproj", "{850EFE91-1409-4876-8BF9-75B5A22698A0}"
	ProjectSection(ProjectDependencies) = postProject
		{0AEFA896-555B-4F9F-BF82-04F4E647FE1B} = {0AEFA896-555B-4F9F-BF82-04F4E647FE1B}
		{50AD0AAA-0BA6-4770-B400-1A4B2EA9CB8A} = {50AD0AAA-0BA6-4770-B400-1A4B2EA9CB8A}
		{A9662563-6078-4477-ABA8-0C13004CECA8} = {A9662563-6078-4477-ABA8-0C13004CECA8}
	EndProjectSection
EndProject
Global
	GlobalSection(SolutionConfigurationPlatforms) = preSolution
		Debug|Any CPU = Debug|Any CPU
		Release|Any CPU = Release|Any CPU
	EndGlobalSection
	GlobalSection(ProjectConfigurationPlatforms) = postSolution
		{0AEFA896-555B-4F9F-BF82-04F4E647FE1B}.Debug|Any CPU.ActiveCfg = Debug|Any CPU
		{0AEFA896-555B-4F9F-BF82-04F4E647FE1B}.Debug|Any CPU.Build.0 = Debug|Any CPU
		{0AEFA896-555B-4F9F-BF82-04F4E647FE1B}.Release|Any CPU.ActiveCfg = Release|Any CPU
		{0AEFA896-555B-4F9F-BF82-04F4E647FE1B}.Release|Any CPU.Build.0 = Release|Any CPU
		{0F988510-87AC-4D65-8C31-7F6352237817}.Debug|Any CPU.ActiveCfg = Debug|Any CPU
		{0F988510-87AC-4D65-8C31-7F6352237817}.Debug|Any CPU.Build.0 = Debug|Any CPU
		{0F988510-87AC-4D65-8C31-7F6352237817}.Release|Any CPU.ActiveCfg = Release|Any CPU
		{0F988510-87AC-4D65-8C31-7F6352237817}.Release|Any CPU.Build.0 = Release|Any CPU
		{50AD0AAA-0BA6-4770-B400-1A4B2EA9CB8A}.Debug|Any CPU.ActiveCfg = Debug|Any CPU
		{50AD0AAA-0BA6-4770-B400-1A4B2EA9CB8A}.Debug|Any CPU.Build.0 = Debug|Any CPU
		{50AD0AAA-0BA6-4770-B400-1A4B2EA9CB8A}.Release|Any CPU.ActiveCfg = Release|Any CPU
		{50AD0AAA-0BA6-4770-B400-1A4B2EA9CB8A}.Release|Any CPU.Build.0 = Release|Any CPU
		{255CA9BF-16C1-4576-AB58-FCA4103E70E1}.Debug|Any CPU.ActiveCfg = Debug|Any CPU
		{255CA9BF-16C1-4576-AB58-FCA4103E70E1}.Debug|Any CPU.Build.0 = Debug|Any CPU
		{255CA9BF-16C1-4576-AB58-FCA4103E70E1}.Release|Any CPU.ActiveCfg = Release|Any CPU
		{255CA9BF-16C1-4576-AB58-FCA4103E70E1}.Release|Any CPU.Build.0 = Release|Any CPU
		{A9662563-6078-4477-ABA8-0C13004CECA8}.Debug|Any CPU.ActiveCfg = Debug|Any CPU
		{A9662563-6078-4477-ABA8-0C13004CECA8}.Debug|Any CPU.Build.0 = Debug|Any CPU
		{A9662563-6078-4477-ABA8-0C13004CECA8}.Release|Any CPU.ActiveCfg = Release|Any CPU
		{A9662563-6078-4477-ABA8-0C13004CECA8}.Release|Any CPU.Build.0 = Release|Any CPU
		{AFBFE353-89CF-4AAA-97E6-BF0F20EEBD09}.Debug|Any CPU.ActiveCfg = Debug|Any CPU
		{AFBFE353-89CF-4AAA-97E6-BF0F20EEBD09}.Debug|Any CPU.Build.0 = Debug|Any CPU
		{AFBFE353-89CF-4AAA-97E6-BF0F20EEBD09}.Release|Any CPU.ActiveCfg = Release|Any CPU
		{AFBFE353-89CF-4AAA-97E6-BF0F20EEBD09}.Release|Any CPU.Build.0 = Release|Any CPU
		{850EFE91-1409-4876-8BF9-75B5A22698A0}.Debug|Any CPU.ActiveCfg = Debug|Any CPU
		{850EFE91-1409-4876-8BF9-75B5A22698A0}.Debug|Any CPU.Build.0 = Debug|Any CPU
		{850EFE91-1409-4876-8BF9-75B5A22698A0}.Release|Any CPU.ActiveCfg = Release|Any CPU
		{850EFE91-1409-4876-8BF9-75B5A22698A0}.Release|Any CPU.Build.0 = Release|Any CPU
	EndGlobalSection
	GlobalSection(SolutionProperties) = preSolution
		HideSolutionNode = FALSE
	EndGlobalSection
	GlobalSection(NestedProjects) = preSolution
		{0AEFA896-555B-4F9F-BF82-04F4E647FE1B} = {7DEA599E-258E-4977-84A4-23A6B8452A34}
		{0F988510-87AC-4D65-8C31-7F6352237817} = {A8AF4456-38CE-4232-B268-4E04C28963BD}
		{50AD0AAA-0BA6-4770-B400-1A4B2EA9CB8A} = {7DEA599E-258E-4977-84A4-23A6B8452A34}
		{255CA9BF-16C1-4576-AB58-FCA4103E70E1} = {A8AF4456-38CE-4232-B268-4E04C28963BD}
		{A9662563-6078-4477-ABA8-0C13004CECA8} = {7DEA599E-258E-4977-84A4-23A6B8452A34}
		{AFBFE353-89CF-4AAA-97E6-BF0F20EEBD09} = {A8AF4456-38CE-4232-B268-4E04C28963BD}
		{7DEA599E-258E-4977-84A4-23A6B8452A34} = {200DA1CB-068A-4D7E-9C69-A85446E7C497}
		{850EFE91-1409-4876-8BF9-75B5A22698A0} = {200DA1CB-068A-4D7E-9C69-A85446E7C497}
	EndGlobalSection
	GlobalSection(ExtensibilityGlobals) = postSolution
		SolutionGuid = {8368FCA1-8617-4157-B5F4-761627BC2142}
	EndGlobalSection
EndGlobal
