
Microsoft Visual Studio Solution File, Format Version 12.00
# Visual Studio Version 17
VisualStudioVersion = 17.9.34728.123
MinimumVisualStudioVersion = 10.0.40219.1
Project("{9A19103F-16F7-4668-BE54-9A1E7A4F7556}") = "Lab1.Tests", "Lab1.Tests\Lab1.Tests.csproj", "{0F988510-87AC-4D65-8C31-7F6352237817}"
EndProject
Project("{9A19103F-16F7-4668-BE54-9A1E7A4F7556}") = "Lab2.Tests", "Lab2.Tests\Lab2.Tests.csproj", "{255CA9BF-16C1-4576-AB58-FCA4103E70E1}"
EndProject
Project("{9A19103F-16F7-4668-BE54-9A1E7A4F7556}") = "Lab3.Tests", "Lab3.Tests\Lab3.Tests.csproj", "{AFBFE353-89CF-4AAA-97E6-BF0F20EEBD09}"
EndProject
Project("{2150E333-8FDC-42A3-9474-1A3956D46DE8}") = "src", "src", "{200DA1CB-068A-4D7E-9C69-A85446E7C497}"
EndProject
Project("{2150E333-8FDC-42A3-9474-1A3956D46DE8}") = "tests", "tests", "{A8AF4456-38CE-4232-B268-4E04C28963BD}"
EndProject
Project("{2150E333-8FDC-42A3-9474-1A3956D46DE8}") = "Librarys", "Librarys", "{7DEA599E-258E-4977-84A4-23A6B8452A34}"
EndProject
Project("{9A19103F-16F7-4668-BE54-9A1E7A4F7556}") = "Lab1.Library", "Lab1.Library\Lab1.Library.csproj", "{77AF51B3-905B-44DB-AF68-202A61B3B829}"
EndProject
Project("{9A19103F-16F7-4668-BE54-9A1E7A4F7556}") = "Lab1.Console", "Lab1.Console\Lab1.Console.csproj", "{EBEE716F-FED1-47E5-8E41-A30C2A853F85}"
EndProject
Project("{2150E333-8FDC-42A3-9474-1A3956D46DE8}") = "Consoles", "Consoles", "{2D445DF4-E068-4B5E-AC33-306A712DA517}"
EndProject
Project("{9A19103F-16F7-4668-BE54-9A1E7A4F7556}") = "Lab2.Library", "Lab2.Library\Lab2.Library.csproj", "{5FC9C48F-7524-4CA2-B2F1-E14C1E87E1EF}"
EndProject
Project("{9A19103F-16F7-4668-BE54-9A1E7A4F7556}") = "Lab2.Console", "Lab2.Console\Lab2.Console.csproj", "{F2F48D62-85F4-4658-B03B-13DEBC61A387}"
EndProject
Project("{9A19103F-16F7-4668-BE54-9A1E7A4F7556}") = "Lab3.Library", "Lab3.Library\Lab3.Library.csproj", "{AD28AD03-DD4B-4A1A-A757-188736F9517D}"
EndProject
Project("{9A19103F-16F7-4668-BE54-9A1E7A4F7556}") = "Lab3.Console", "Lab3.Console\Lab3.Console.csproj", "{0B7F05C4-50A3-4F72-962D-0E77623F9D9C}"
EndProject
Project("{9A19103F-16F7-4668-BE54-9A1E7A4F7556}") = "Lab4", "Lab4\Lab4.csproj", "{D2B11EFB-1380-4982-82F4-919E2CAEF254}"
EndProject
Project("{9A19103F-16F7-4668-BE54-9A1E7A4F7556}") = "LabsLibrary", "LabsLibrary\LabsLibrary.csproj", "{5179A6AD-DB18-405A-BE57-2130EC994296}"
EndProject
Project("{2150E333-8FDC-42A3-9474-1A3956D46DE8}") = "Solution Items", "Solution Items", "{36A67662-5997-4DBC-970B-514B6FB30540}"
	ProjectSection(SolutionItems) = preProject
		Vagrantfile = Vagrantfile
	EndProjectSection
EndProject
Project("{9A19103F-16F7-4668-BE54-9A1E7A4F7556}") = "Lab5", "Lab5\Lab5.csproj", "{1AD0E4CA-F164-4597-8E60-474B8C83A232}"
EndProject
Project("{FAE04EC0-301F-11D3-BF4B-00C04F79EFBC}") = "Lab6API", "Lab6API\Lab6API.csproj", "{89F2F2CB-B636-4A6F-9851-90D88A403D84}"
EndProject
Global
	GlobalSection(SolutionConfigurationPlatforms) = preSolution
		Debug|Any CPU = Debug|Any CPU
		Release|Any CPU = Release|Any CPU
	EndGlobalSection
	GlobalSection(ProjectConfigurationPlatforms) = postSolution
		{0F988510-87AC-4D65-8C31-7F6352237817}.Debug|Any CPU.ActiveCfg = Debug|Any CPU
		{0F988510-87AC-4D65-8C31-7F6352237817}.Debug|Any CPU.Build.0 = Debug|Any CPU
		{0F988510-87AC-4D65-8C31-7F6352237817}.Release|Any CPU.ActiveCfg = Release|Any CPU
		{0F988510-87AC-4D65-8C31-7F6352237817}.Release|Any CPU.Build.0 = Release|Any CPU
		{255CA9BF-16C1-4576-AB58-FCA4103E70E1}.Debug|Any CPU.ActiveCfg = Debug|Any CPU
		{255CA9BF-16C1-4576-AB58-FCA4103E70E1}.Debug|Any CPU.Build.0 = Debug|Any CPU
		{255CA9BF-16C1-4576-AB58-FCA4103E70E1}.Release|Any CPU.ActiveCfg = Release|Any CPU
		{255CA9BF-16C1-4576-AB58-FCA4103E70E1}.Release|Any CPU.Build.0 = Release|Any CPU
		{AFBFE353-89CF-4AAA-97E6-BF0F20EEBD09}.Debug|Any CPU.ActiveCfg = Debug|Any CPU
		{AFBFE353-89CF-4AAA-97E6-BF0F20EEBD09}.Debug|Any CPU.Build.0 = Debug|Any CPU
		{AFBFE353-89CF-4AAA-97E6-BF0F20EEBD09}.Release|Any CPU.ActiveCfg = Release|Any CPU
		{AFBFE353-89CF-4AAA-97E6-BF0F20EEBD09}.Release|Any CPU.Build.0 = Release|Any CPU
		{77AF51B3-905B-44DB-AF68-202A61B3B829}.Debug|Any CPU.ActiveCfg = Debug|Any CPU
		{77AF51B3-905B-44DB-AF68-202A61B3B829}.Debug|Any CPU.Build.0 = Debug|Any CPU
		{77AF51B3-905B-44DB-AF68-202A61B3B829}.Release|Any CPU.ActiveCfg = Release|Any CPU
		{77AF51B3-905B-44DB-AF68-202A61B3B829}.Release|Any CPU.Build.0 = Release|Any CPU
		{EBEE716F-FED1-47E5-8E41-A30C2A853F85}.Debug|Any CPU.ActiveCfg = Debug|Any CPU
		{EBEE716F-FED1-47E5-8E41-A30C2A853F85}.Debug|Any CPU.Build.0 = Debug|Any CPU
		{EBEE716F-FED1-47E5-8E41-A30C2A853F85}.Release|Any CPU.ActiveCfg = Release|Any CPU
		{EBEE716F-FED1-47E5-8E41-A30C2A853F85}.Release|Any CPU.Build.0 = Release|Any CPU
		{5FC9C48F-7524-4CA2-B2F1-E14C1E87E1EF}.Debug|Any CPU.ActiveCfg = Debug|Any CPU
		{5FC9C48F-7524-4CA2-B2F1-E14C1E87E1EF}.Debug|Any CPU.Build.0 = Debug|Any CPU
		{5FC9C48F-7524-4CA2-B2F1-E14C1E87E1EF}.Release|Any CPU.ActiveCfg = Release|Any CPU
		{5FC9C48F-7524-4CA2-B2F1-E14C1E87E1EF}.Release|Any CPU.Build.0 = Release|Any CPU
		{F2F48D62-85F4-4658-B03B-13DEBC61A387}.Debug|Any CPU.ActiveCfg = Debug|Any CPU
		{F2F48D62-85F4-4658-B03B-13DEBC61A387}.Debug|Any CPU.Build.0 = Debug|Any CPU
		{F2F48D62-85F4-4658-B03B-13DEBC61A387}.Release|Any CPU.ActiveCfg = Release|Any CPU
		{F2F48D62-85F4-4658-B03B-13DEBC61A387}.Release|Any CPU.Build.0 = Release|Any CPU
		{AD28AD03-DD4B-4A1A-A757-188736F9517D}.Debug|Any CPU.ActiveCfg = Debug|Any CPU
		{AD28AD03-DD4B-4A1A-A757-188736F9517D}.Debug|Any CPU.Build.0 = Debug|Any CPU
		{AD28AD03-DD4B-4A1A-A757-188736F9517D}.Release|Any CPU.ActiveCfg = Release|Any CPU
		{AD28AD03-DD4B-4A1A-A757-188736F9517D}.Release|Any CPU.Build.0 = Release|Any CPU
		{0B7F05C4-50A3-4F72-962D-0E77623F9D9C}.Debug|Any CPU.ActiveCfg = Debug|Any CPU
		{0B7F05C4-50A3-4F72-962D-0E77623F9D9C}.Debug|Any CPU.Build.0 = Debug|Any CPU
		{0B7F05C4-50A3-4F72-962D-0E77623F9D9C}.Release|Any CPU.ActiveCfg = Release|Any CPU
		{0B7F05C4-50A3-4F72-962D-0E77623F9D9C}.Release|Any CPU.Build.0 = Release|Any CPU
		{D2B11EFB-1380-4982-82F4-919E2CAEF254}.Debug|Any CPU.ActiveCfg = Debug|Any CPU
		{D2B11EFB-1380-4982-82F4-919E2CAEF254}.Debug|Any CPU.Build.0 = Debug|Any CPU
		{D2B11EFB-1380-4982-82F4-919E2CAEF254}.Release|Any CPU.ActiveCfg = Release|Any CPU
		{D2B11EFB-1380-4982-82F4-919E2CAEF254}.Release|Any CPU.Build.0 = Release|Any CPU
		{5179A6AD-DB18-405A-BE57-2130EC994296}.Debug|Any CPU.ActiveCfg = Debug|Any CPU
		{5179A6AD-DB18-405A-BE57-2130EC994296}.Debug|Any CPU.Build.0 = Debug|Any CPU
		{5179A6AD-DB18-405A-BE57-2130EC994296}.Release|Any CPU.ActiveCfg = Release|Any CPU
		{5179A6AD-DB18-405A-BE57-2130EC994296}.Release|Any CPU.Build.0 = Release|Any CPU
		{1AD0E4CA-F164-4597-8E60-474B8C83A232}.Debug|Any CPU.ActiveCfg = Debug|Any CPU
		{1AD0E4CA-F164-4597-8E60-474B8C83A232}.Debug|Any CPU.Build.0 = Debug|Any CPU
		{1AD0E4CA-F164-4597-8E60-474B8C83A232}.Release|Any CPU.ActiveCfg = Release|Any CPU
		{1AD0E4CA-F164-4597-8E60-474B8C83A232}.Release|Any CPU.Build.0 = Release|Any CPU
		{89F2F2CB-B636-4A6F-9851-90D88A403D84}.Debug|Any CPU.ActiveCfg = Debug|Any CPU
		{89F2F2CB-B636-4A6F-9851-90D88A403D84}.Debug|Any CPU.Build.0 = Debug|Any CPU
		{89F2F2CB-B636-4A6F-9851-90D88A403D84}.Release|Any CPU.ActiveCfg = Release|Any CPU
		{89F2F2CB-B636-4A6F-9851-90D88A403D84}.Release|Any CPU.Build.0 = Release|Any CPU
	EndGlobalSection
	GlobalSection(SolutionProperties) = preSolution
		HideSolutionNode = FALSE
	EndGlobalSection
	GlobalSection(NestedProjects) = preSolution
		{0F988510-87AC-4D65-8C31-7F6352237817} = {A8AF4456-38CE-4232-B268-4E04C28963BD}
		{255CA9BF-16C1-4576-AB58-FCA4103E70E1} = {A8AF4456-38CE-4232-B268-4E04C28963BD}
		{AFBFE353-89CF-4AAA-97E6-BF0F20EEBD09} = {A8AF4456-38CE-4232-B268-4E04C28963BD}
		{7DEA599E-258E-4977-84A4-23A6B8452A34} = {200DA1CB-068A-4D7E-9C69-A85446E7C497}
		{77AF51B3-905B-44DB-AF68-202A61B3B829} = {7DEA599E-258E-4977-84A4-23A6B8452A34}
		{EBEE716F-FED1-47E5-8E41-A30C2A853F85} = {2D445DF4-E068-4B5E-AC33-306A712DA517}
		{2D445DF4-E068-4B5E-AC33-306A712DA517} = {200DA1CB-068A-4D7E-9C69-A85446E7C497}
		{5FC9C48F-7524-4CA2-B2F1-E14C1E87E1EF} = {7DEA599E-258E-4977-84A4-23A6B8452A34}
		{F2F48D62-85F4-4658-B03B-13DEBC61A387} = {2D445DF4-E068-4B5E-AC33-306A712DA517}
		{AD28AD03-DD4B-4A1A-A757-188736F9517D} = {7DEA599E-258E-4977-84A4-23A6B8452A34}
		{0B7F05C4-50A3-4F72-962D-0E77623F9D9C} = {2D445DF4-E068-4B5E-AC33-306A712DA517}
		{D2B11EFB-1380-4982-82F4-919E2CAEF254} = {200DA1CB-068A-4D7E-9C69-A85446E7C497}
	EndGlobalSection
	GlobalSection(ExtensibilityGlobals) = postSolution
		SolutionGuid = {8368FCA1-8617-4157-B5F4-761627BC2142}
	EndGlobalSection
EndGlobal
